
Microsoft Visual Studio Solution File, Format Version 12.00
# Visual Studio 15
VisualStudioVersion = 15.0.28307.421
MinimumVisualStudioVersion = 10.0.40219.1
Project("{FAE04EC0-301F-11D3-BF4B-00C04F79EFBC}") = "Bloss WedPlanner", "App2\App2.Android\Bloss WedPlanner.csproj", "{212B8990-6381-49A4-BEFC-BFB00E8F5257}"
EndProject
Project("{9A19103F-16F7-4668-BE54-9A1E7A4F7556}") = "App2", "App2\App2\App2.csproj", "{6801C722-92DE-4027-B3E1-8B5D51CAE7B2}"
EndProject
Global
	GlobalSection(SolutionConfigurationPlatforms) = preSolution
		Debug|Any CPU = Debug|Any CPU
		Release|Any CPU = Release|Any CPU
	EndGlobalSection
	GlobalSection(ProjectConfigurationPlatforms) = postSolution
		{212B8990-6381-49A4-BEFC-BFB00E8F5257}.Debug|Any CPU.ActiveCfg = Debug|Any CPU
		{212B8990-6381-49A4-BEFC-BFB00E8F5257}.Debug|Any CPU.Build.0 = Debug|Any CPU
		{212B8990-6381-49A4-BEFC-BFB00E8F5257}.Debug|Any CPU.Deploy.0 = Debug|Any CPU
		{212B8990-6381-49A4-BEFC-BFB00E8F5257}.Release|Any CPU.ActiveCfg = Release|Any CPU
		{212B8990-6381-49A4-BEFC-BFB00E8F5257}.Release|Any CPU.Build.0 = Release|Any CPU
		{212B8990-6381-49A4-BEFC-BFB00E8F5257}.Release|Any CPU.Deploy.0 = Release|Any CPU
		{6801C722-92DE-4027-B3E1-8B5D51CAE7B2}.Debug|Any CPU.ActiveCfg = Debug|Any CPU
		{6801C722-92DE-4027-B3E1-8B5D51CAE7B2}.Debug|Any CPU.Build.0 = Debug|Any CPU
		{6801C722-92DE-4027-B3E1-8B5D51CAE7B2}.Release|Any CPU.ActiveCfg = Release|Any CPU
		{6801C722-92DE-4027-B3E1-8B5D51CAE7B2}.Release|Any CPU.Build.0 = Release|Any CPU
	EndGlobalSection
	GlobalSection(SolutionProperties) = preSolution
		HideSolutionNode = FALSE
	EndGlobalSection
	GlobalSection(ExtensibilityGlobals) = postSolution
		SolutionGuid = {2FF1A683-83FF-4231-82B3-D423EC7B97F9}
	EndGlobalSection
EndGlobal
